// !$*UTF8*$!
{
	archiveVersion = 1;
	classes = {
	};
	objectVersion = 46;
	objects = {

/* Begin PBXBuildFile section */
		2448E2731CA04859000616F0 /* main.m in Sources */ = {isa = PBXBuildFile; fileRef = 2448E2721CA04859000616F0 /* main.m */; };
		2448E2761CA04859000616F0 /* AppDelegate.m in Sources */ = {isa = PBXBuildFile; fileRef = 2448E2751CA04859000616F0 /* AppDelegate.m */; };
		2448E2791CA04859000616F0 /* ViewController.m in Sources */ = {isa = PBXBuildFile; fileRef = 2448E2781CA04859000616F0 /* ViewController.m */; };
		2448E27C1CA04859000616F0 /* Main.storyboard in Resources */ = {isa = PBXBuildFile; fileRef = 2448E27A1CA04859000616F0 /* Main.storyboard */; };
		2448E27E1CA04859000616F0 /* Assets.xcassets in Resources */ = {isa = PBXBuildFile; fileRef = 2448E27D1CA04859000616F0 /* Assets.xcassets */; };
		2448E2811CA04859000616F0 /* LaunchScreen.storyboard in Resources */ = {isa = PBXBuildFile; fileRef = 2448E27F1CA04859000616F0 /* LaunchScreen.storyboard */; };
/* End PBXBuildFile section */

/* Begin PBXFileReference section */
		2448E26E1CA04859000616F0 /* testNSString.app */ = {isa = PBXFileReference; explicitFileType = wrapper.application; includeInIndex = 0; path = testNSString.app; sourceTree = BUILT_PRODUCTS_DIR; };
		2448E2721CA04859000616F0 /* main.m */ = {isa = PBXFileReference; lastKnownFileType = sourcecode.c.objc; path = main.m; sourceTree = "<group>"; };
		2448E2741CA04859000616F0 /* AppDelegate.h */ = {isa = PBXFileReference; lastKnownFileType = sourcecode.c.h; path = AppDelegate.h; sourceTree = "<group>"; };
		2448E2751CA04859000616F0 /* AppDelegate.m */ = {isa = PBXFileReference; lastKnownFileType = sourcecode.c.objc; path = AppDelegate.m; sourceTree = "<group>"; };
		2448E2771CA04859000616F0 /* ViewController.h */ = {isa = PBXFileReference; lastKnownFileType = sourcecode.c.h; path = ViewController.h; sourceTree = "<group>"; };
		2448E2781CA04859000616F0 /* ViewController.m */ = {isa = PBXFileReference; lastKnownFileType = sourcecode.c.objc; path = ViewController.m; sourceTree = "<group>"; };
		2448E27B1CA04859000616F0 /* Base */ = {isa = PBXFileReference; lastKnownFileType = file.storyboard; name = Base; path = Base.lproj/Main.storyboard; sourceTree = "<group>"; };
		2448E27D1CA04859000616F0 /* Assets.xcassets */ = {isa = PBXFileReference; lastKnownFileType = folder.assetcatalog; path = Assets.xcassets; sourceTree = "<group>"; };
		2448E2801CA04859000616F0 /* Base */ = {isa = PBXFileReference; lastKnownFileType = file.storyboard; name = Base; path = Base.lproj/LaunchScreen.storyboard; sourceTree = "<group>"; };
		2448E2821CA04859000616F0 /* Info.plist */ = {isa = PBXFileReference; lastKnownFileType = text.plist.xml; path = Info.plist; sourceTree = "<group>"; };
/* End PBXFileReference section */

/* Begin PBXFrameworksBuildPhase section */
		2448E26B1CA04859000616F0 /* Frameworks */ = {
			isa = PBXFrameworksBuildPhase;
			buildActionMask = 2147483647;
			files = (
			);
			runOnlyForDeploymentPostprocessing = 0;
		};
/* End PBXFrameworksBuildPhase section */

/* Begin PBXGroup section */
		2448E2651CA04859000616F0 = {
			isa = PBXGroup;
			children = (
				2448E2701CA04859000616F0 /* testNSString */,
				2448E26F1CA04859000616F0 /* Products */,
			);
			sourceTree = "<group>";
		};
		2448E26F1CA04859000616F0 /* Products */ = {
			isa = PBXGroup;
			children = (
				2448E26E1CA04859000616F0 /* testNSString.app */,
			);
			name = Products;
			sourceTree = "<group>";
		};
		2448E2701CA04859000616F0 /* testNSString */ = {
			isa = PBXGroup;
			children = (
				2448E2741CA04859000616F0 /* AppDelegate.h */,
				2448E2751CA04859000616F0 /* AppDelegate.m */,
				2448E2771CA04859000616F0 /* ViewController.h */,
				2448E2781CA04859000616F0 /* ViewController.m */,
				2448E27A1CA04859000616F0 /* Main.storyboard */,
				2448E27D1CA04859000616F0 /* Assets.xcassets */,
				2448E27F1CA04859000616F0 /* LaunchScreen.storyboard */,
				2448E2821CA04859000616F0 /* Info.plist */,
				2448E2711CA04859000616F0 /* Supporting Files */,
			);
			path = testNSString;
			sourceTree = "<group>";
		};
		2448E2711CA04859000616F0 /* Supporting Files */ = {
			isa = PBXGroup;
			children = (
				2448E2721CA04859000616F0 /* main.m */,
			);
			name = "Supporting Files";
			sourceTree = "<group>";
		};
/* End PBXGroup section */

/* Begin PBXNativeTarget section */
		2448E26D1CA04859000616F0 /* testNSString */ = {
			isa = PBXNativeTarget;
			buildConfigurationList = 2448E2851CA04859000616F0 /* Build configuration list for PBXNativeTarget "testNSString" */;
			buildPhases = (
				2448E26A1CA04859000616F0 /* Sources */,
				2448E26B1CA04859000616F0 /* Frameworks */,
				2448E26C1CA04859000616F0 /* Resources */,
			);
			buildRules = (
			);
			dependencies = (
			);
			name = testNSString;
			productName = testNSString;
			productReference = 2448E26E1CA04859000616F0 /* testNSString.app */;
			productType = "com.apple.product-type.application";
		};
/* End PBXNativeTarget section */

/* Begin PBXProject section */
		2448E2661CA04859000616F0 /* Project object */ = {
			isa = PBXProject;
			attributes = {
				LastUpgradeCheck = 0720;
				ORGANIZATIONNAME = "唐征征";
				TargetAttributes = {
					2448E26D1CA04859000616F0 = {
						CreatedOnToolsVersion = 7.2;
					};
				};
			};
			buildConfigurationList = 2448E2691CA04859000616F0 /* Build configuration list for PBXProject "testNSString" */;
			compatibilityVersion = "Xcode 3.2";
			developmentRegion = English;
			hasScannedForEncodings = 0;
			knownRegions = (
				en,
				Base,
			);
			mainGroup = 2448E2651CA04859000616F0;
			productRefGroup = 2448E26F1CA04859000616F0 /* Products */;
			projectDirPath = "";
			projectRoot = "";
			targets = (
				2448E26D1CA04859000616F0 /* testNSString */,
			);
		};
/* End PBXProject section */

/* Begin PBXResourcesBuildPhase section */
		2448E26C1CA04859000616F0 /* Resources */ = {
			isa = PBXResourcesBuildPhase;
			buildActionMask = 2147483647;
			files = (
				2448E2811CA04859000616F0 /* LaunchScreen.storyboard in Resources */,
				2448E27E1CA04859000616F0 /* Assets.xcassets in Resources */,
				2448E27C1CA04859000616F0 /* Main.storyboard in Resources */,
			);
			runOnlyForDeploymentPostprocessing = 0;
		};
/* End PBXResourcesBuildPhase section */

/* Begin PBXSourcesBuildPhase section */
		2448E26A1CA04859000616F0 /* Sources */ = {
			isa = PBXSourcesBuildPhase;
			buildActionMask = 2147483647;
			files = (
				2448E2791CA04859000616F0 /* ViewController.m in Sources */,
				2448E2761CA04859000616F0 /* AppDelegate.m in Sources */,
				2448E2731CA04859000616F0 /* main.m in Sources */,
			);
			runOnlyForDeploymentPostprocessing = 0;
		};
/* End PBXSourcesBuildPhase section */

/* Begin PBXVariantGroup section */
		2448E27A1CA04859000616F0 /* Main.storyboard */ = {
			isa = PBXVariantGroup;
			children = (
				2448E27B1CA04859000616F0 /* Base */,
			);
			name = Main.storyboard;
			sourceTree = "<group>";
		};
		2448E27F1CA04859000616F0 /* LaunchScreen.storyboard */ = {
			isa = PBXVariantGroup;
			children = (
				2448E2801CA04859000616F0 /* Base */,
			);
			name = LaunchScreen.storyboard;
			sourceTree = "<group>";
		};
/* End PBXVariantGroup section */

/* Begin XCBuildConfiguration section */
		2448E2831CA04859000616F0 /* Debug */ = {
			isa = XCBuildConfiguration;
			buildSettings = {
				ALWAYS_SEARCH_USER_PATHS = NO;
				CLANG_CXX_LANGUAGE_STANDARD = "gnu++0x";
				CLANG_CXX_LIBRARY = "libc++";
				CLANG_ENABLE_MODULES = YES;
				CLANG_ENABLE_OBJC_ARC = YES;
				CLANG_WARN_BOOL_CONVERSION = YES;
				CLANG_WARN_CONSTANT_CONVERSION = YES;
				CLANG_WARN_DIRECT_OBJC_ISA_USAGE = YES_ERROR;
				CLANG_WARN_EMPTY_BODY = YES;
				CLANG_WARN_ENUM_CONVERSION = YES;
				CLANG_WARN_INT_CONVERSION = YES;
				CLANG_WARN_OBJC_ROOT_CLASS = YES_ERROR;
				CLANG_WARN_UNREACHABLE_CODE = YES;
				CLANG_WARN__DUPLICATE_METHOD_MATCH = YES;
				"CODE_SIGN_IDENTITY[sdk=iphoneos*]" = "iPhone Developer";
				COPY_PHASE_STRIP = NO;
				DEBUG_INFORMATION_FORMAT = dwarf;
				ENABLE_STRICT_OBJC_MSGSEND = YES;
				ENABLE_TESTABILITY = YES;
				GCC_C_LANGUAGE_STANDARD = gnu99;
				GCC_DYNAMIC_NO_PIC = NO;
				GCC_NO_COMMON_BLOCKS = YES;
				GCC_OPTIMIZATION_LEVEL = 0;
				GCC_PREPROCESSOR_DEFINITIONS = (
					"DEBUG=1",
					"$(inherited)",
				);
				GCC_WARN_64_TO_32_BIT_CONVERSION = YES;
				GCC_WARN_ABOUT_RETURN_TYPE = YES_ERROR;
				GCC_WARN_UNDECLARED_SELECTOR = YES;
				GCC_WARN_UNINITIALIZED_AUTOS = YES_AGGRESSIVE;
				GCC_WARN_UNUSED_FUNCTION = YES;
				GCC_WARN_UNUSED_VARIABLE = YES;
				IPHONEOS_DEPLOYMENT_TARGET = 9.2;
				MTL_ENABLE_DEBUG_INFO = YES;
				ONLY_ACTIVE_ARCH = YES;
				SDKROOT = iphoneos;
			};
			name = Debug;
		};
		2448E2841CA04859000616F0 /* Release */ = {
			isa = XCBuildConfiguration;
			buildSettings = {
				ALWAYS_SEARCH_USER_PATHS = NO;
				CLANG_CXX_LANGUAGE_STANDARD = "gnu++0x";
				CLANG_CXX_LIBRARY = "libc++";
				CLANG_ENABLE_MODULES = YES;
				CLANG_ENABLE_OBJC_ARC = YES;
				CLANG_WARN_BOOL_CONVERSION = YES;
				CLANG_WARN_CONSTANT_CONVERSION = YES;
				CLANG_WARN_DIRECT_OBJC_ISA_USAGE = YES_ERROR;
				CLANG_WARN_EMPTY_BODY = YES;
				CLANG_WARN_ENUM_CONVERSION = YES;
				CLANG_WARN_INT_CONVERSION = YES;
				CLANG_WARN_OBJC_ROOT_CLASS = YES_ERROR;
				CLANG_WARN_UNREACHABLE_CODE = YES;
				CLANG_WARN__DUPLICATE_METHOD_MATCH = YES;
				"CODE_SIGN_IDENTITY[sdk=iphoneos*]" = "iPhone Developer";
				COPY_PHASE_STRIP = NO;
				DEBUG_INFORMATION_FORMAT = "dwarf-with-dsym";
				ENABLE_NS_ASSERTIONS = NO;
				ENABLE_STRICT_OBJC_MSGSEND = YES;
				GCC_C_LANGUAGE_STANDARD = gnu99;
				GCC_NO_COMMON_BLOCKS = YES;
				GCC_WARN_64_TO_32_BIT_CONVERSION = YES;
				GCC_WARN_ABOUT_RETURN_TYPE = YES_ERROR;
				GCC_WARN_UNDECLARED_SELECTOR = YES;
				GCC_WARN_UNINITIALIZED_AUTOS = YES_AGGRESSIVE;
				GCC_WARN_UNUSED_FUNCTION = YES;
				GCC_WARN_UNUSED_VARIABLE = YES;
				IPHONEOS_DEPLOYMENT_TARGET = 9.2;
				MTL_ENABLE_DEBUG_INFO = NO;
				SDKROOT = iphoneos;
				VALIDATE_PRODUCT = YES;
			};
			name = Release;
		};
		2448E2861CA04859000616F0 /* Debug */ = {
			isa = XCBuildConfiguration;
			buildSettings = {
				ASSETCATALOG_COMPILER_APPICON_NAME = AppIcon;
				INFOPLIST_FILE = testNSString/Info.plist;
				LD_RUNPATH_SEARCH_PATHS = "$(inherited) @executable_path/Frameworks";
				PRODUCT_BUNDLE_IDENTIFIER = com.testNSString;
				PRODUCT_NAME = "$(TARGET_NAME)";
			};
			name = Debug;
		};
		2448E2871CA04859000616F0 /* Release */ = {
			isa = XCBuildConfiguration;
			buildSettings = {
				ASSETCATALOG_COMPILER_APPICON_NAME = AppIcon;
				INFOPLIST_FILE = testNSString/Info.plist;
				LD_RUNPATH_SEARCH_PATHS = "$(inherited) @executable_path/Frameworks";
				PRODUCT_BUNDLE_IDENTIFIER = com.testNSString;
				PRODUCT_NAME = "$(TARGET_NAME)";
			};
			name = Release;
		};
/* End XCBuildConfiguration section */

/* Begin XCConfigurationList section */
		2448E2691CA04859000616F0 /* Build configuration list for PBXProject "testNSString" */ = {
			isa = XCConfigurationList;
			buildConfigurations = (
				2448E2831CA04859000616F0 /* Debug */,
				2448E2841CA04859000616F0 /* Release */,
			);
			defaultConfigurationIsVisible = 0;
			defaultConfigurationName = Release;
		};
		2448E2851CA04859000616F0 /* Build configuration list for PBXNativeTarget "testNSString" */ = {
			isa = XCConfigurationList;
			buildConfigurations = (
				2448E2861CA04859000616F0 /* Debug */,
				2448E2871CA04859000616F0 /* Release */,
			);
			defaultConfigurationIsVisible = 0;
		};
/* End XCConfigurationList section */
	};
	rootObject = 2448E2661CA04859000616F0 /* Project object */;
}
